
Microsoft Visual Studio Solution File, Format Version 12.00
# Visual Studio Version 16
VisualStudioVersion = 16.0.31025.194
MinimumVisualStudioVersion = 10.0.40219.1
Project("{9A19103F-16F7-4668-BE54-9A1E7A4F7556}") = "Rhetos.Host.AspNet.HomePage", "Rhetos.Host.AspNet.HomePage\Rhetos.Host.AspNet.HomePage.csproj", "{24004391-3D68-4CA6-A276-B2E576F7F76C}"
EndProject
Project("{9A19103F-16F7-4668-BE54-9A1E7A4F7556}") = "RhetosApp", "..\RhetosApp\RhetosApp.csproj", "{B1E931C4-B732-4845-9716-F62899D6ECE2}"
EndProject
Project("{9A19103F-16F7-4668-BE54-9A1E7A4F7556}") = "SampleWebApp", "..\SampleWebApp\SampleWebApp.csproj", "{D5369692-F7BD-4B72-BDE9-9D1AF991C014}"
EndProject
Project("{9A19103F-16F7-4668-BE54-9A1E7A4F7556}") = "HomePageSnippetSample", "..\HomePageSnippetSample\HomePageSnippetSample.csproj", "{AED13A2C-5173-4701-A0FB-92AF3CF10DAD}"
EndProject
Global
	GlobalSection(SolutionConfigurationPlatforms) = preSolution
		Debug|Any CPU = Debug|Any CPU
		Release|Any CPU = Release|Any CPU
	EndGlobalSection
	GlobalSection(ProjectConfigurationPlatforms) = postSolution
		{24004391-3D68-4CA6-A276-B2E576F7F76C}.Debug|Any CPU.ActiveCfg = Debug|Any CPU
		{24004391-3D68-4CA6-A276-B2E576F7F76C}.Debug|Any CPU.Build.0 = Debug|Any CPU
		{24004391-3D68-4CA6-A276-B2E576F7F76C}.Release|Any CPU.ActiveCfg = Release|Any CPU
		{24004391-3D68-4CA6-A276-B2E576F7F76C}.Release|Any CPU.Build.0 = Release|Any CPU
		{B1E931C4-B732-4845-9716-F62899D6ECE2}.Debug|Any CPU.ActiveCfg = Debug|Any CPU
		{B1E931C4-B732-4845-9716-F62899D6ECE2}.Debug|Any CPU.Build.0 = Debug|Any CPU
		{B1E931C4-B732-4845-9716-F62899D6ECE2}.Release|Any CPU.ActiveCfg = Release|Any CPU
		{B1E931C4-B732-4845-9716-F62899D6ECE2}.Release|Any CPU.Build.0 = Release|Any CPU
		{D5369692-F7BD-4B72-BDE9-9D1AF991C014}.Debug|Any CPU.ActiveCfg = Debug|Any CPU
		{D5369692-F7BD-4B72-BDE9-9D1AF991C014}.Debug|Any CPU.Build.0 = Debug|Any CPU
		{D5369692-F7BD-4B72-BDE9-9D1AF991C014}.Release|Any CPU.ActiveCfg = Release|Any CPU
		{D5369692-F7BD-4B72-BDE9-9D1AF991C014}.Release|Any CPU.Build.0 = Release|Any CPU
		{AED13A2C-5173-4701-A0FB-92AF3CF10DAD}.Debug|Any CPU.ActiveCfg = Debug|Any CPU
		{AED13A2C-5173-4701-A0FB-92AF3CF10DAD}.Debug|Any CPU.Build.0 = Debug|Any CPU
		{AED13A2C-5173-4701-A0FB-92AF3CF10DAD}.Release|Any CPU.ActiveCfg = Release|Any CPU
		{AED13A2C-5173-4701-A0FB-92AF3CF10DAD}.Release|Any CPU.Build.0 = Release|Any CPU
	EndGlobalSection
	GlobalSection(SolutionProperties) = preSolution
		HideSolutionNode = FALSE
	EndGlobalSection
	GlobalSection(ExtensibilityGlobals) = postSolution
		SolutionGuid = {2BC896AF-A9EE-48C1-86DD-7CEF32118B24}
	EndGlobalSection
EndGlobal
